// !$*UTF8*$!
{
	archiveVersion = 1;
	classes = {
	};
	objectVersion = 55;
	objects = {

/* Begin PBXBuildFile section */
		24DDAE8A27976147009881AD /* AppDelegate.swift in Sources */ = {isa = PBXBuildFile; fileRef = 24DDAE8927976147009881AD /* AppDelegate.swift */; };
		24DDAE8C27976147009881AD /* SceneDelegate.swift in Sources */ = {isa = PBXBuildFile; fileRef = 24DDAE8B27976147009881AD /* SceneDelegate.swift */; };
		24DDAE8E27976147009881AD /* ViewController.swift in Sources */ = {isa = PBXBuildFile; fileRef = 24DDAE8D27976147009881AD /* ViewController.swift */; };
		24DDAE9127976147009881AD /* Main.storyboard in Resources */ = {isa = PBXBuildFile; fileRef = 24DDAE8F27976147009881AD /* Main.storyboard */; };
		24DDAE9327976148009881AD /* Assets.xcassets in Resources */ = {isa = PBXBuildFile; fileRef = 24DDAE9227976148009881AD /* Assets.xcassets */; };
		24DDAE9627976148009881AD /* LaunchScreen.storyboard in Resources */ = {isa = PBXBuildFile; fileRef = 24DDAE9427976148009881AD /* LaunchScreen.storyboard */; };
		24DDAEA127976149009881AD /* CodeReviewTests.swift in Sources */ = {isa = PBXBuildFile; fileRef = 24DDAEA027976149009881AD /* CodeReviewTests.swift */; };
		24DDAEAB27976149009881AD /* CodeReviewUITests.swift in Sources */ = {isa = PBXBuildFile; fileRef = 24DDAEAA27976149009881AD /* CodeReviewUITests.swift */; };
		24DDAEAD27976149009881AD /* CodeReviewUITestsLaunchTests.swift in Sources */ = {isa = PBXBuildFile; fileRef = 24DDAEAC27976149009881AD /* CodeReviewUITestsLaunchTests.swift */; };
		24DDAEBA2797616D009881AD /* README.md in Resources */ = {isa = PBXBuildFile; fileRef = 24DDAEB92797616D009881AD /* README.md */; };
		24DDAEBC279761AB009881AD /* cr.swift in Sources */ = {isa = PBXBuildFile; fileRef = 24DDAEBB279761AB009881AD /* cr.swift */; };
/* End PBXBuildFile section */

/* Begin PBXContainerItemProxy section */
		24DDAE9D27976149009881AD /* PBXContainerItemProxy */ = {
			isa = PBXContainerItemProxy;
			containerPortal = 24DDAE7E27976147009881AD /* Project object */;
			proxyType = 1;
			remoteGlobalIDString = 24DDAE8527976147009881AD;
			remoteInfo = CodeReview;
		};
		24DDAEA727976149009881AD /* PBXContainerItemProxy */ = {
			isa = PBXContainerItemProxy;
			containerPortal = 24DDAE7E27976147009881AD /* Project object */;
			proxyType = 1;
			remoteGlobalIDString = 24DDAE8527976147009881AD;
			remoteInfo = CodeReview;
		};
/* End PBXContainerItemProxy section */

/* Begin PBXFileReference section */
		24DDAE8627976147009881AD /* CodeReview.app */ = {isa = PBXFileReference; explicitFileType = wrapper.application; includeInIndex = 0; path = CodeReview.app; sourceTree = BUILT_PRODUCTS_DIR; };
		24DDAE8927976147009881AD /* AppDelegate.swift */ = {isa = PBXFileReference; lastKnownFileType = sourcecode.swift; path = AppDelegate.swift; sourceTree = "<group>"; };
		24DDAE8B27976147009881AD /* SceneDelegate.swift */ = {isa = PBXFileReference; lastKnownFileType = sourcecode.swift; path = SceneDelegate.swift; sourceTree = "<group>"; };
		24DDAE8D27976147009881AD /* ViewController.swift */ = {isa = PBXFileReference; lastKnownFileType = sourcecode.swift; path = ViewController.swift; sourceTree = "<group>"; };
		24DDAE9027976147009881AD /* Base */ = {isa = PBXFileReference; lastKnownFileType = file.storyboard; name = Base; path = Base.lproj/Main.storyboard; sourceTree = "<group>"; };
		24DDAE9227976148009881AD /* Assets.xcassets */ = {isa = PBXFileReference; lastKnownFileType = folder.assetcatalog; path = Assets.xcassets; sourceTree = "<group>"; };
		24DDAE9527976148009881AD /* Base */ = {isa = PBXFileReference; lastKnownFileType = file.storyboard; name = Base; path = Base.lproj/LaunchScreen.storyboard; sourceTree = "<group>"; };
		24DDAE9727976148009881AD /* Info.plist */ = {isa = PBXFileReference; lastKnownFileType = text.plist.xml; path = Info.plist; sourceTree = "<group>"; };
		24DDAE9C27976149009881AD /* CodeReviewTests.xctest */ = {isa = PBXFileReference; explicitFileType = wrapper.cfbundle; includeInIndex = 0; path = CodeReviewTests.xctest; sourceTree = BUILT_PRODUCTS_DIR; };
		24DDAEA027976149009881AD /* CodeReviewTests.swift */ = {isa = PBXFileReference; lastKnownFileType = sourcecode.swift; path = CodeReviewTests.swift; sourceTree = "<group>"; };
		24DDAEA627976149009881AD /* CodeReviewUITests.xctest */ = {isa = PBXFileReference; explicitFileType = wrapper.cfbundle; includeInIndex = 0; path = CodeReviewUITests.xctest; sourceTree = BUILT_PRODUCTS_DIR; };
		24DDAEAA27976149009881AD /* CodeReviewUITests.swift */ = {isa = PBXFileReference; lastKnownFileType = sourcecode.swift; path = CodeReviewUITests.swift; sourceTree = "<group>"; };
		24DDAEAC27976149009881AD /* CodeReviewUITestsLaunchTests.swift */ = {isa = PBXFileReference; lastKnownFileType = sourcecode.swift; path = CodeReviewUITestsLaunchTests.swift; sourceTree = "<group>"; };
		24DDAEB92797616D009881AD /* README.md */ = {isa = PBXFileReference; fileEncoding = 4; lastKnownFileType = net.daringfireball.markdown; name = README.md; path = "../../ios-cr-task/README.md"; sourceTree = "<group>"; };
		24DDAEBB279761AB009881AD /* cr.swift */ = {isa = PBXFileReference; lastKnownFileType = sourcecode.swift; path = cr.swift; sourceTree = "<group>"; };
/* End PBXFileReference section */

/* Begin PBXFrameworksBuildPhase section */
		24DDAE8327976147009881AD /* Frameworks */ = {
			isa = PBXFrameworksBuildPhase;
			buildActionMask = 2147483647;
			files = (
			);
			runOnlyForDeploymentPostprocessing = 0;
		};
		24DDAE9927976149009881AD /* Frameworks */ = {
			isa = PBXFrameworksBuildPhase;
			buildActionMask = 2147483647;
			files = (
			);
			runOnlyForDeploymentPostprocessing = 0;
		};
		24DDAEA327976149009881AD /* Frameworks */ = {
			isa = PBXFrameworksBuildPhase;
			buildActionMask = 2147483647;
			files = (
			);
			runOnlyForDeploymentPostprocessing = 0;
		};
/* End PBXFrameworksBuildPhase section */

/* Begin PBXGroup section */
		24DDAE7D27976147009881AD = {
			isa = PBXGroup;
			children = (
				24DDAE8827976147009881AD /* CodeReview */,
				24DDAE9F27976149009881AD /* CodeReviewTests */,
				24DDAEA927976149009881AD /* CodeReviewUITests */,
				24DDAE8727976147009881AD /* Products */,
			);
			sourceTree = "<group>";
		};
		24DDAE8727976147009881AD /* Products */ = {
			isa = PBXGroup;
			children = (
				24DDAE8627976147009881AD /* CodeReview.app */,
				24DDAE9C27976149009881AD /* CodeReviewTests.xctest */,
				24DDAEA627976149009881AD /* CodeReviewUITests.xctest */,
			);
			name = Products;
			sourceTree = "<group>";
		};
		24DDAE8827976147009881AD /* CodeReview */ = {
			isa = PBXGroup;
			children = (
				24DDAE8927976147009881AD /* AppDelegate.swift */,
				24DDAE8B27976147009881AD /* SceneDelegate.swift */,
				24DDAE8D27976147009881AD /* ViewController.swift */,
				24DDAE8F27976147009881AD /* Main.storyboard */,
				24DDAE9227976148009881AD /* Assets.xcassets */,
				24DDAE9427976148009881AD /* LaunchScreen.storyboard */,
				24DDAE9727976148009881AD /* Info.plist */,
				24DDAEB92797616D009881AD /* README.md */,
				24DDAEBB279761AB009881AD /* cr.swift */,
			);
			path = CodeReview;
			sourceTree = "<group>";
		};
		24DDAE9F27976149009881AD /* CodeReviewTests */ = {
			isa = PBXGroup;
			children = (
				24DDAEA027976149009881AD /* CodeReviewTests.swift */,
			);
			path = CodeReviewTests;
			sourceTree = "<group>";
		};
		24DDAEA927976149009881AD /* CodeReviewUITests */ = {
			isa = PBXGroup;
			children = (
				24DDAEAA27976149009881AD /* CodeReviewUITests.swift */,
				24DDAEAC27976149009881AD /* CodeReviewUITestsLaunchTests.swift */,
			);
			path = CodeReviewUITests;
			sourceTree = "<group>";
		};
/* End PBXGroup section */

/* Begin PBXNativeTarget section */
		24DDAE8527976147009881AD /* CodeReview */ = {
			isa = PBXNativeTarget;
			buildConfigurationList = 24DDAEB027976149009881AD /* Build configuration list for PBXNativeTarget "CodeReview" */;
			buildPhases = (
				24DDAE8227976147009881AD /* Sources */,
				24DDAE8327976147009881AD /* Frameworks */,
				24DDAE8427976147009881AD /* Resources */,
			);
			buildRules = (
			);
			dependencies = (
			);
			name = CodeReview;
			productName = CodeReview;
			productReference = 24DDAE8627976147009881AD /* CodeReview.app */;
			productType = "com.apple.product-type.application";
		};
		24DDAE9B27976149009881AD /* CodeReviewTests */ = {
			isa = PBXNativeTarget;
			buildConfigurationList = 24DDAEB327976149009881AD /* Build configuration list for PBXNativeTarget "CodeReviewTests" */;
			buildPhases = (
				24DDAE9827976149009881AD /* Sources */,
				24DDAE9927976149009881AD /* Frameworks */,
				24DDAE9A27976149009881AD /* Resources */,
			);
			buildRules = (
			);
			dependencies = (
				24DDAE9E27976149009881AD /* PBXTargetDependency */,
			);
			name = CodeReviewTests;
			productName = CodeReviewTests;
			productReference = 24DDAE9C27976149009881AD /* CodeReviewTests.xctest */;
			productType = "com.apple.product-type.bundle.unit-test";
		};
		24DDAEA527976149009881AD /* CodeReviewUITests */ = {
			isa = PBXNativeTarget;
			buildConfigurationList = 24DDAEB627976149009881AD /* Build configuration list for PBXNativeTarget "CodeReviewUITests" */;
			buildPhases = (
				24DDAEA227976149009881AD /* Sources */,
				24DDAEA327976149009881AD /* Frameworks */,
				24DDAEA427976149009881AD /* Resources */,
			);
			buildRules = (
			);
			dependencies = (
				24DDAEA827976149009881AD /* PBXTargetDependency */,
			);
			name = CodeReviewUITests;
			productName = CodeReviewUITests;
			productReference = 24DDAEA627976149009881AD /* CodeReviewUITests.xctest */;
			productType = "com.apple.product-type.bundle.ui-testing";
		};
/* End PBXNativeTarget section */

/* Begin PBXProject section */
		24DDAE7E27976147009881AD /* Project object */ = {
			isa = PBXProject;
			attributes = {
				BuildIndependentTargetsInParallel = 1;
				LastSwiftUpdateCheck = 1320;
				LastUpgradeCheck = 1320;
				TargetAttributes = {
					24DDAE8527976147009881AD = {
						CreatedOnToolsVersion = 13.2.1;
					};
					24DDAE9B27976149009881AD = {
						CreatedOnToolsVersion = 13.2.1;
						TestTargetID = 24DDAE8527976147009881AD;
					};
					24DDAEA527976149009881AD = {
						CreatedOnToolsVersion = 13.2.1;
						TestTargetID = 24DDAE8527976147009881AD;
					};
				};
			};
			buildConfigurationList = 24DDAE8127976147009881AD /* Build configuration list for PBXProject "CodeReview" */;
			compatibilityVersion = "Xcode 13.0";
			developmentRegion = en;
			hasScannedForEncodings = 0;
			knownRegions = (
				en,
				Base,
			);
			mainGroup = 24DDAE7D27976147009881AD;
			productRefGroup = 24DDAE8727976147009881AD /* Products */;
			projectDirPath = "";
			projectRoot = "";
			targets = (
				24DDAE8527976147009881AD /* CodeReview */,
				24DDAE9B27976149009881AD /* CodeReviewTests */,
				24DDAEA527976149009881AD /* CodeReviewUITests */,
			);
		};
/* End PBXProject section */

/* Begin PBXResourcesBuildPhase section */
		24DDAE8427976147009881AD /* Resources */ = {
			isa = PBXResourcesBuildPhase;
			buildActionMask = 2147483647;
			files = (
				24DDAE9627976148009881AD /* LaunchScreen.storyboard in Resources */,
				24DDAE9327976148009881AD /* Assets.xcassets in Resources */,
				24DDAEBA2797616D009881AD /* README.md in Resources */,
				24DDAE9127976147009881AD /* Main.storyboard in Resources */,
			);
			runOnlyForDeploymentPostprocessing = 0;
		};
		24DDAE9A27976149009881AD /* Resources */ = {
			isa = PBXResourcesBuildPhase;
			buildActionMask = 2147483647;
			files = (
			);
			runOnlyForDeploymentPostprocessing = 0;
		};
		24DDAEA427976149009881AD /* Resources */ = {
			isa = PBXResourcesBuildPhase;
			buildActionMask = 2147483647;
			files = (
			);
			runOnlyForDeploymentPostprocessing = 0;
		};
/* End PBXResourcesBuildPhase section */

/* Begin PBXSourcesBuildPhase section */
		24DDAE8227976147009881AD /* Sources */ = {
			isa = PBXSourcesBuildPhase;
			buildActionMask = 2147483647;
			files = (
				24DDAEBC279761AB009881AD /* cr.swift in Sources */,
				24DDAE8E27976147009881AD /* ViewController.swift in Sources */,
				24DDAE8A27976147009881AD /* AppDelegate.swift in Sources */,
				24DDAE8C27976147009881AD /* SceneDelegate.swift in Sources */,
			);
			runOnlyForDeploymentPostprocessing = 0;
		};
		24DDAE9827976149009881AD /* Sources */ = {
			isa = PBXSourcesBuildPhase;
			buildActionMask = 2147483647;
			files = (
				24DDAEA127976149009881AD /* CodeReviewTests.swift in Sources */,
			);
			runOnlyForDeploymentPostprocessing = 0;
		};
		24DDAEA227976149009881AD /* Sources */ = {
			isa = PBXSourcesBuildPhase;
			buildActionMask = 2147483647;
			files = (
				24DDAEAB27976149009881AD /* CodeReviewUITests.swift in Sources */,
				24DDAEAD27976149009881AD /* CodeReviewUITestsLaunchTests.swift in Sources */,
			);
			runOnlyForDeploymentPostprocessing = 0;
		};
/* End PBXSourcesBuildPhase section */

/* Begin PBXTargetDependency section */
		24DDAE9E27976149009881AD /* PBXTargetDependency */ = {
			isa = PBXTargetDependency;
			target = 24DDAE8527976147009881AD /* CodeReview */;
			targetProxy = 24DDAE9D27976149009881AD /* PBXContainerItemProxy */;
		};
		24DDAEA827976149009881AD /* PBXTargetDependency */ = {
			isa = PBXTargetDependency;
			target = 24DDAE8527976147009881AD /* CodeReview */;
			targetProxy = 24DDAEA727976149009881AD /* PBXContainerItemProxy */;
		};
/* End PBXTargetDependency section */

/* Begin PBXVariantGroup section */
		24DDAE8F27976147009881AD /* Main.storyboard */ = {
			isa = PBXVariantGroup;
			children = (
				24DDAE9027976147009881AD /* Base */,
			);
			name = Main.storyboard;
			sourceTree = "<group>";
		};
		24DDAE9427976148009881AD /* LaunchScreen.storyboard */ = {
			isa = PBXVariantGroup;
			children = (
				24DDAE9527976148009881AD /* Base */,
			);
			name = LaunchScreen.storyboard;
			sourceTree = "<group>";
		};
/* End PBXVariantGroup section */

/* Begin XCBuildConfiguration section */
		24DDAEAE27976149009881AD /* Debug */ = {
			isa = XCBuildConfiguration;
			buildSettings = {
				ALWAYS_SEARCH_USER_PATHS = NO;
				CLANG_ANALYZER_NONNULL = YES;
				CLANG_ANALYZER_NUMBER_OBJECT_CONVERSION = YES_AGGRESSIVE;
				CLANG_CXX_LANGUAGE_STANDARD = "gnu++17";
				CLANG_CXX_LIBRARY = "libc++";
				CLANG_ENABLE_MODULES = YES;
				CLANG_ENABLE_OBJC_ARC = YES;
				CLANG_ENABLE_OBJC_WEAK = YES;
				CLANG_WARN_BLOCK_CAPTURE_AUTORELEASING = YES;
				CLANG_WARN_BOOL_CONVERSION = YES;
				CLANG_WARN_COMMA = YES;
				CLANG_WARN_CONSTANT_CONVERSION = YES;
				CLANG_WARN_DEPRECATED_OBJC_IMPLEMENTATIONS = YES;
				CLANG_WARN_DIRECT_OBJC_ISA_USAGE = YES_ERROR;
				CLANG_WARN_DOCUMENTATION_COMMENTS = YES;
				CLANG_WARN_EMPTY_BODY = YES;
				CLANG_WARN_ENUM_CONVERSION = YES;
				CLANG_WARN_INFINITE_RECURSION = YES;
				CLANG_WARN_INT_CONVERSION = YES;
				CLANG_WARN_NON_LITERAL_NULL_CONVERSION = YES;
				CLANG_WARN_OBJC_IMPLICIT_RETAIN_SELF = YES;
				CLANG_WARN_OBJC_LITERAL_CONVERSION = YES;
				CLANG_WARN_OBJC_ROOT_CLASS = YES_ERROR;
				CLANG_WARN_QUOTED_INCLUDE_IN_FRAMEWORK_HEADER = YES;
				CLANG_WARN_RANGE_LOOP_ANALYSIS = YES;
				CLANG_WARN_STRICT_PROTOTYPES = YES;
				CLANG_WARN_SUSPICIOUS_MOVE = YES;
				CLANG_WARN_UNGUARDED_AVAILABILITY = YES_AGGRESSIVE;
				CLANG_WARN_UNREACHABLE_CODE = YES;
				CLANG_WARN__DUPLICATE_METHOD_MATCH = YES;
				COPY_PHASE_STRIP = NO;
				DEBUG_INFORMATION_FORMAT = dwarf;
				ENABLE_STRICT_OBJC_MSGSEND = YES;
				ENABLE_TESTABILITY = YES;
				GCC_C_LANGUAGE_STANDARD = gnu11;
				GCC_DYNAMIC_NO_PIC = NO;
				GCC_NO_COMMON_BLOCKS = YES;
				GCC_OPTIMIZATION_LEVEL = 0;
				GCC_PREPROCESSOR_DEFINITIONS = (
					"DEBUG=1",
					"$(inherited)",
				);
				GCC_WARN_64_TO_32_BIT_CONVERSION = YES;
				GCC_WARN_ABOUT_RETURN_TYPE = YES_ERROR;
				GCC_WARN_UNDECLARED_SELECTOR = YES;
				GCC_WARN_UNINITIALIZED_AUTOS = YES_AGGRESSIVE;
				GCC_WARN_UNUSED_FUNCTION = YES;
				GCC_WARN_UNUSED_VARIABLE = YES;
				IPHONEOS_DEPLOYMENT_TARGET = 15.2;
				MTL_ENABLE_DEBUG_INFO = INCLUDE_SOURCE;
				MTL_FAST_MATH = YES;
				ONLY_ACTIVE_ARCH = YES;
				SDKROOT = iphoneos;
				SWIFT_ACTIVE_COMPILATION_CONDITIONS = DEBUG;
				SWIFT_OPTIMIZATION_LEVEL = "-Onone";
			};
			name = Debug;
		};
		24DDAEAF27976149009881AD /* Release */ = {
			isa = XCBuildConfiguration;
			buildSettings = {
				ALWAYS_SEARCH_USER_PATHS = NO;
				CLANG_ANALYZER_NONNULL = YES;
				CLANG_ANALYZER_NUMBER_OBJECT_CONVERSION = YES_AGGRESSIVE;
				CLANG_CXX_LANGUAGE_STANDARD = "gnu++17";
				CLANG_CXX_LIBRARY = "libc++";
				CLANG_ENABLE_MODULES = YES;
				CLANG_ENABLE_OBJC_ARC = YES;
				CLANG_ENABLE_OBJC_WEAK = YES;
				CLANG_WARN_BLOCK_CAPTURE_AUTORELEASING = YES;
				CLANG_WARN_BOOL_CONVERSION = YES;
				CLANG_WARN_COMMA = YES;
				CLANG_WARN_CONSTANT_CONVERSION = YES;
				CLANG_WARN_DEPRECATED_OBJC_IMPLEMENTATIONS = YES;
				CLANG_WARN_DIRECT_OBJC_ISA_USAGE = YES_ERROR;
				CLANG_WARN_DOCUMENTATION_COMMENTS = YES;
				CLANG_WARN_EMPTY_BODY = YES;
				CLANG_WARN_ENUM_CONVERSION = YES;
				CLANG_WARN_INFINITE_RECURSION = YES;
				CLANG_WARN_INT_CONVERSION = YES;
				CLANG_WARN_NON_LITERAL_NULL_CONVERSION = YES;
				CLANG_WARN_OBJC_IMPLICIT_RETAIN_SELF = YES;
				CLANG_WARN_OBJC_LITERAL_CONVERSION = YES;
				CLANG_WARN_OBJC_ROOT_CLASS = YES_ERROR;
				CLANG_WARN_QUOTED_INCLUDE_IN_FRAMEWORK_HEADER = YES;
				CLANG_WARN_RANGE_LOOP_ANALYSIS = YES;
				CLANG_WARN_STRICT_PROTOTYPES = YES;
				CLANG_WARN_SUSPICIOUS_MOVE = YES;
				CLANG_WARN_UNGUARDED_AVAILABILITY = YES_AGGRESSIVE;
				CLANG_WARN_UNREACHABLE_CODE = YES;
				CLANG_WARN__DUPLICATE_METHOD_MATCH = YES;
				COPY_PHASE_STRIP = NO;
				DEBUG_INFORMATION_FORMAT = "dwarf-with-dsym";
				ENABLE_NS_ASSERTIONS = NO;
				ENABLE_STRICT_OBJC_MSGSEND = YES;
				GCC_C_LANGUAGE_STANDARD = gnu11;
				GCC_NO_COMMON_BLOCKS = YES;
				GCC_WARN_64_TO_32_BIT_CONVERSION = YES;
				GCC_WARN_ABOUT_RETURN_TYPE = YES_ERROR;
				GCC_WARN_UNDECLARED_SELECTOR = YES;
				GCC_WARN_UNINITIALIZED_AUTOS = YES_AGGRESSIVE;
				GCC_WARN_UNUSED_FUNCTION = YES;
				GCC_WARN_UNUSED_VARIABLE = YES;
				IPHONEOS_DEPLOYMENT_TARGET = 15.2;
				MTL_ENABLE_DEBUG_INFO = NO;
				MTL_FAST_MATH = YES;
				SDKROOT = iphoneos;
				SWIFT_COMPILATION_MODE = wholemodule;
				SWIFT_OPTIMIZATION_LEVEL = "-O";
				VALIDATE_PRODUCT = YES;
			};
			name = Release;
		};
		24DDAEB127976149009881AD /* Debug */ = {
			isa = XCBuildConfiguration;
			buildSettings = {
				ASSETCATALOG_COMPILER_APPICON_NAME = AppIcon;
				ASSETCATALOG_COMPILER_GLOBAL_ACCENT_COLOR_NAME = AccentColor;
				CODE_SIGN_STYLE = Automatic;
				CURRENT_PROJECT_VERSION = 1;
				DEVELOPMENT_TEAM = A6VT5RCHWQ;
				GENERATE_INFOPLIST_FILE = YES;
				INFOPLIST_FILE = CodeReview/Info.plist;
				INFOPLIST_KEY_UIApplicationSupportsIndirectInputEvents = YES;
				INFOPLIST_KEY_UILaunchStoryboardName = LaunchScreen;
				INFOPLIST_KEY_UIMainStoryboardFile = Main;
				INFOPLIST_KEY_UISupportedInterfaceOrientations_iPad = "UIInterfaceOrientationPortrait UIInterfaceOrientationPortraitUpsideDown UIInterfaceOrientationLandscapeLeft UIInterfaceOrientationLandscapeRight";
				INFOPLIST_KEY_UISupportedInterfaceOrientations_iPhone = "UIInterfaceOrientationPortrait UIInterfaceOrientationLandscapeLeft UIInterfaceOrientationLandscapeRight";
				LD_RUNPATH_SEARCH_PATHS = (
					"$(inherited)",
					"@executable_path/Frameworks",
				);
				MARKETING_VERSION = 1.0;
				PRODUCT_BUNDLE_IDENTIFIER = yesim.dasdemir.CodeReview;
				PRODUCT_NAME = "$(TARGET_NAME)";
				SWIFT_EMIT_LOC_STRINGS = YES;
				SWIFT_VERSION = 5.0;
				TARGETED_DEVICE_FAMILY = 1;
			};
			name = Debug;
		};
		24DDAEB227976149009881AD /* Release */ = {
			isa = XCBuildConfiguration;
			buildSettings = {
				ASSETCATALOG_COMPILER_APPICON_NAME = AppIcon;
				ASSETCATALOG_COMPILER_GLOBAL_ACCENT_COLOR_NAME = AccentColor;
				CODE_SIGN_STYLE = Automatic;
				CURRENT_PROJECT_VERSION = 1;
				DEVELOPMENT_TEAM = A6VT5RCHWQ;
				GENERATE_INFOPLIST_FILE = YES;
				INFOPLIST_FILE = CodeReview/Info.plist;
				INFOPLIST_KEY_UIApplicationSupportsIndirectInputEvents = YES;
				INFOPLIST_KEY_UILaunchStoryboardName = LaunchScreen;
				INFOPLIST_KEY_UIMainStoryboardFile = Main;
				INFOPLIST_KEY_UISupportedInterfaceOrientations_iPad = "UIInterfaceOrientationPortrait UIInterfaceOrientationPortraitUpsideDown UIInterfaceOrientationLandscapeLeft UIInterfaceOrientationLandscapeRight";
				INFOPLIST_KEY_UISupportedInterfaceOrientations_iPhone = "UIInterfaceOrientationPortrait UIInterfaceOrientationLandscapeLeft UIInterfaceOrientationLandscapeRight";
				LD_RUNPATH_SEARCH_PATHS = (
					"$(inherited)",
					"@executable_path/Frameworks",
				);
				MARKETING_VERSION = 1.0;
				PRODUCT_BUNDLE_IDENTIFIER = yesim.dasdemir.CodeReview;
				PRODUCT_NAME = "$(TARGET_NAME)";
				SWIFT_EMIT_LOC_STRINGS = YES;
				SWIFT_VERSION = 5.0;
				TARGETED_DEVICE_FAMILY = 1;
			};
			name = Release;
		};
		24DDAEB427976149009881AD /* Debug */ = {
			isa = XCBuildConfiguration;
			buildSettings = {
				ALWAYS_EMBED_SWIFT_STANDARD_LIBRARIES = YES;
				BUNDLE_LOADER = "$(TEST_HOST)";
				CODE_SIGN_STYLE = Automatic;
				CURRENT_PROJECT_VERSION = 1;
				DEVELOPMENT_TEAM = A6VT5RCHWQ;
				GENERATE_INFOPLIST_FILE = YES;
				IPHONEOS_DEPLOYMENT_TARGET = 15.2;
				MARKETING_VERSION = 1.0;
				PRODUCT_BUNDLE_IDENTIFIER = yesim.dasdemir.CodeReviewTests;
				PRODUCT_NAME = "$(TARGET_NAME)";
				SWIFT_EMIT_LOC_STRINGS = NO;
				SWIFT_VERSION = 5.0;
				TARGETED_DEVICE_FAMILY = "1,2";
				TEST_HOST = "$(BUILT_PRODUCTS_DIR)/CodeReview.app/CodeReview";
			};
			name = Debug;
		};
		24DDAEB527976149009881AD /* Release */ = {
			isa = XCBuildConfiguration;
			buildSettings = {
				ALWAYS_EMBED_SWIFT_STANDARD_LIBRARIES = YES;
				BUNDLE_LOADER = "$(TEST_HOST)";
				CODE_SIGN_STYLE = Automatic;
				CURRENT_PROJECT_VERSION = 1;
				DEVELOPMENT_TEAM = A6VT5RCHWQ;
				GENERATE_INFOPLIST_FILE = YES;
				IPHONEOS_DEPLOYMENT_TARGET = 15.2;
				MARKETING_VERSION = 1.0;
				PRODUCT_BUNDLE_IDENTIFIER = yesim.dasdemir.CodeReviewTests;
				PRODUCT_NAME = "$(TARGET_NAME)";
				SWIFT_EMIT_LOC_STRINGS = NO;
				SWIFT_VERSION = 5.0;
				TARGETED_DEVICE_FAMILY = "1,2";
				TEST_HOST = "$(BUILT_PRODUCTS_DIR)/CodeReview.app/CodeReview";
			};
			name = Release;
		};
		24DDAEB727976149009881AD /* Debug */ = {
			isa = XCBuildConfiguration;
			buildSettings = {
				ALWAYS_EMBED_SWIFT_STANDARD_LIBRARIES = YES;
				CODE_SIGN_STYLE = Automatic;
				CURRENT_PROJECT_VERSION = 1;
				DEVELOPMENT_TEAM = A6VT5RCHWQ;
				GENERATE_INFOPLIST_FILE = YES;
				MARKETING_VERSION = 1.0;
				PRODUCT_BUNDLE_IDENTIFIER = yesim.dasdemir.CodeReviewUITests;
				PRODUCT_NAME = "$(TARGET_NAME)";
				SWIFT_EMIT_LOC_STRINGS = NO;
				SWIFT_VERSION = 5.0;
				TARGETED_DEVICE_FAMILY = "1,2";
				TEST_TARGET_NAME = CodeReview;
			};
			name = Debug;
		};
		24DDAEB827976149009881AD /* Release */ = {
			isa = XCBuildConfiguration;
			buildSettings = {
				ALWAYS_EMBED_SWIFT_STANDARD_LIBRARIES = YES;
				CODE_SIGN_STYLE = Automatic;
				CURRENT_PROJECT_VERSION = 1;
				DEVELOPMENT_TEAM = A6VT5RCHWQ;
				GENERATE_INFOPLIST_FILE = YES;
				MARKETING_VERSION = 1.0;
				PRODUCT_BUNDLE_IDENTIFIER = yesim.dasdemir.CodeReviewUITests;
				PRODUCT_NAME = "$(TARGET_NAME)";
				SWIFT_EMIT_LOC_STRINGS = NO;
				SWIFT_VERSION = 5.0;
				TARGETED_DEVICE_FAMILY = "1,2";
				TEST_TARGET_NAME = CodeReview;
			};
			name = Release;
		};
/* End XCBuildConfiguration section */

/* Begin XCConfigurationList section */
		24DDAE8127976147009881AD /* Build configuration list for PBXProject "CodeReview" */ = {
			isa = XCConfigurationList;
			buildConfigurations = (
				24DDAEAE27976149009881AD /* Debug */,
				24DDAEAF27976149009881AD /* Release */,
			);
			defaultConfigurationIsVisible = 0;
			defaultConfigurationName = Release;
		};
		24DDAEB027976149009881AD /* Build configuration list for PBXNativeTarget "CodeReview" */ = {
			isa = XCConfigurationList;
			buildConfigurations = (
				24DDAEB127976149009881AD /* Debug */,
				24DDAEB227976149009881AD /* Release */,
			);
			defaultConfigurationIsVisible = 0;
			defaultConfigurationName = Release;
		};
		24DDAEB327976149009881AD /* Build configuration list for PBXNativeTarget "CodeReviewTests" */ = {
			isa = XCConfigurationList;
			buildConfigurations = (
				24DDAEB427976149009881AD /* Debug */,
				24DDAEB527976149009881AD /* Release */,
			);
			defaultConfigurationIsVisible = 0;
			defaultConfigurationName = Release;
		};
		24DDAEB627976149009881AD /* Build configuration list for PBXNativeTarget "CodeReviewUITests" */ = {
			isa = XCConfigurationList;
			buildConfigurations = (
				24DDAEB727976149009881AD /* Debug */,
				24DDAEB827976149009881AD /* Release */,
			);
			defaultConfigurationIsVisible = 0;
			defaultConfigurationName = Release;
		};
/* End XCConfigurationList section */
	};
	rootObject = 24DDAE7E27976147009881AD /* Project object */;
}
